// !$*UTF8*$!
{
	archiveVersion = 1;
	classes = {
	};
	objectVersion = 56;
	objects = {

/* Begin PBXBuildFile section */
		E44921FD2A5D04C100248AC4 /* LoggedInView.swift in Sources */ = {isa = PBXBuildFile; fileRef = E44921FC2A5D04C100248AC4 /* LoggedInView.swift */; };
		E44922032A5D4B3500248AC4 /* LoginPageView.swift in Sources */ = {isa = PBXBuildFile; fileRef = E44922022A5D4B3500248AC4 /* LoginPageView.swift */; };
		E44922052A5D50CB00248AC4 /* MainViewViewModel.swift in Sources */ = {isa = PBXBuildFile; fileRef = E44922042A5D50CB00248AC4 /* MainViewViewModel.swift */; };
		E4A964ED2A57C12100C3A0BB /* LoginPageUmai_SwiftUI_MVVMApp.swift in Sources */ = {isa = PBXBuildFile; fileRef = E4A964EC2A57C12100C3A0BB /* LoginPageUmai_SwiftUI_MVVMApp.swift */; };
		E4A964EF2A57C12100C3A0BB /* MainView.swift in Sources */ = {isa = PBXBuildFile; fileRef = E4A964EE2A57C12100C3A0BB /* MainView.swift */; };
		E4A964F12A57C12300C3A0BB /* Assets.xcassets in Resources */ = {isa = PBXBuildFile; fileRef = E4A964F02A57C12300C3A0BB /* Assets.xcassets */; };
		E4A964F52A57C12300C3A0BB /* Preview Assets.xcassets in Resources */ = {isa = PBXBuildFile; fileRef = E4A964F42A57C12300C3A0BB /* Preview Assets.xcassets */; };
		E4A964FC2A5805D600C3A0BB /* ContenViewFigma.swift in Sources */ = {isa = PBXBuildFile; fileRef = E4A964FB2A5805D600C3A0BB /* ContenViewFigma.swift */; };
		E4E5B2B72A5BE6A60006810C /* loginViewModel.swift in Sources */ = {isa = PBXBuildFile; fileRef = E4E5B2B62A5BE6A60006810C /* loginViewModel.swift */; };
		E4E5B2B92A5BEA0B0006810C /* userModel.swift in Sources */ = {isa = PBXBuildFile; fileRef = E4E5B2B82A5BEA0B0006810C /* userModel.swift */; };
/* End PBXBuildFile section */

/* Begin PBXFileReference section */
		E44921FC2A5D04C100248AC4 /* LoggedInView.swift */ = {isa = PBXFileReference; lastKnownFileType = sourcecode.swift; path = LoggedInView.swift; sourceTree = "<group>"; };
		E44922022A5D4B3500248AC4 /* LoginPageView.swift */ = {isa = PBXFileReference; lastKnownFileType = sourcecode.swift; path = LoginPageView.swift; sourceTree = "<group>"; };
		E44922042A5D50CB00248AC4 /* MainViewViewModel.swift */ = {isa = PBXFileReference; lastKnownFileType = sourcecode.swift; path = MainViewViewModel.swift; sourceTree = "<group>"; };
		E4A964E92A57C12100C3A0BB /* LoginPageUmai_SwiftUI_MVVM.app */ = {isa = PBXFileReference; explicitFileType = wrapper.application; includeInIndex = 0; path = LoginPageUmai_SwiftUI_MVVM.app; sourceTree = BUILT_PRODUCTS_DIR; };
		E4A964EC2A57C12100C3A0BB /* LoginPageUmai_SwiftUI_MVVMApp.swift */ = {isa = PBXFileReference; lastKnownFileType = sourcecode.swift; path = LoginPageUmai_SwiftUI_MVVMApp.swift; sourceTree = "<group>"; };
		E4A964EE2A57C12100C3A0BB /* MainView.swift */ = {isa = PBXFileReference; lastKnownFileType = sourcecode.swift; path = MainView.swift; sourceTree = "<group>"; };
		E4A964F02A57C12300C3A0BB /* Assets.xcassets */ = {isa = PBXFileReference; lastKnownFileType = folder.assetcatalog; path = Assets.xcassets; sourceTree = "<group>"; };
		E4A964F22A57C12300C3A0BB /* LoginPageUmai_SwiftUI_MVVM.entitlements */ = {isa = PBXFileReference; lastKnownFileType = text.plist.entitlements; path = LoginPageUmai_SwiftUI_MVVM.entitlements; sourceTree = "<group>"; };
		E4A964F42A57C12300C3A0BB /* Preview Assets.xcassets */ = {isa = PBXFileReference; lastKnownFileType = folder.assetcatalog; path = "Preview Assets.xcassets"; sourceTree = "<group>"; };
		E4A964FB2A5805D600C3A0BB /* ContenViewFigma.swift */ = {isa = PBXFileReference; lastKnownFileType = sourcecode.swift; path = ContenViewFigma.swift; sourceTree = "<group>"; };
		E4E5B2B62A5BE6A60006810C /* loginViewModel.swift */ = {isa = PBXFileReference; lastKnownFileType = sourcecode.swift; path = loginViewModel.swift; sourceTree = "<group>"; };
		E4E5B2B82A5BEA0B0006810C /* userModel.swift */ = {isa = PBXFileReference; lastKnownFileType = sourcecode.swift; path = userModel.swift; sourceTree = "<group>"; };
/* End PBXFileReference section */

/* Begin PBXFrameworksBuildPhase section */
		E4A964E62A57C12100C3A0BB /* Frameworks */ = {
			isa = PBXFrameworksBuildPhase;
			buildActionMask = 2147483647;
			files = (
			);
			runOnlyForDeploymentPostprocessing = 0;
		};
/* End PBXFrameworksBuildPhase section */

/* Begin PBXGroup section */
		E44921FF2A5D4AAF00248AC4 /* VIews */ = {
			isa = PBXGroup;
			children = (
				E4A964EE2A57C12100C3A0BB /* MainView.swift */,
				E44922022A5D4B3500248AC4 /* LoginPageView.swift */,
				E44921FC2A5D04C100248AC4 /* LoggedInView.swift */,
			);
			path = VIews;
			sourceTree = "<group>";
		};
		E44922002A5D4AB800248AC4 /* ViewModels */ = {
			isa = PBXGroup;
			children = (
				E4E5B2B62A5BE6A60006810C /* loginViewModel.swift */,
				E44922042A5D50CB00248AC4 /* MainViewViewModel.swift */,
			);
			path = ViewModels;
			sourceTree = "<group>";
		};
		E44922012A5D4AD500248AC4 /* Models */ = {
			isa = PBXGroup;
			children = (
				E4E5B2B82A5BEA0B0006810C /* userModel.swift */,
			);
			path = Models;
			sourceTree = "<group>";
		};
		E4A964E02A57C12100C3A0BB = {
			isa = PBXGroup;
			children = (
				E4A964EB2A57C12100C3A0BB /* LoginPageUmai_SwiftUI_MVVM */,
				E4A964EA2A57C12100C3A0BB /* Products */,
			);
			sourceTree = "<group>";
		};
		E4A964EA2A57C12100C3A0BB /* Products */ = {
			isa = PBXGroup;
			children = (
				E4A964E92A57C12100C3A0BB /* LoginPageUmai_SwiftUI_MVVM.app */,
			);
			name = Products;
			sourceTree = "<group>";
		};
		E4A964EB2A57C12100C3A0BB /* LoginPageUmai_SwiftUI_MVVM */ = {
			isa = PBXGroup;
			children = (
				E44922012A5D4AD500248AC4 /* Models */,
				E44922002A5D4AB800248AC4 /* ViewModels */,
				E44921FF2A5D4AAF00248AC4 /* VIews */,
				E4A964EC2A57C12100C3A0BB /* LoginPageUmai_SwiftUI_MVVMApp.swift */,
				E4A964FB2A5805D600C3A0BB /* ContenViewFigma.swift */,
				E4A964F02A57C12300C3A0BB /* Assets.xcassets */,
				E4A964F22A57C12300C3A0BB /* LoginPageUmai_SwiftUI_MVVM.entitlements */,
				E4A964F32A57C12300C3A0BB /* Preview Content */,
			);
			path = LoginPageUmai_SwiftUI_MVVM;
			sourceTree = "<group>";
		};
		E4A964F32A57C12300C3A0BB /* Preview Content */ = {
			isa = PBXGroup;
			children = (
				E4A964F42A57C12300C3A0BB /* Preview Assets.xcassets */,
			);
			path = "Preview Content";
			sourceTree = "<group>";
		};
/* End PBXGroup section */

/* Begin PBXNativeTarget section */
		E4A964E82A57C12100C3A0BB /* LoginPageUmai_SwiftUI_MVVM */ = {
			isa = PBXNativeTarget;
			buildConfigurationList = E4A964F82A57C12300C3A0BB /* Build configuration list for PBXNativeTarget "LoginPageUmai_SwiftUI_MVVM" */;
			buildPhases = (
				E4A964E52A57C12100C3A0BB /* Sources */,
				E4A964E62A57C12100C3A0BB /* Frameworks */,
				E4A964E72A57C12100C3A0BB /* Resources */,
			);
			buildRules = (
			);
			dependencies = (
			);
			name = LoginPageUmai_SwiftUI_MVVM;
			productName = LoginPageUmai_SwiftUI_MVVM;
			productReference = E4A964E92A57C12100C3A0BB /* LoginPageUmai_SwiftUI_MVVM.app */;
			productType = "com.apple.product-type.application";
		};
/* End PBXNativeTarget section */

/* Begin PBXProject section */
		E4A964E12A57C12100C3A0BB /* Project object */ = {
			isa = PBXProject;
			attributes = {
				BuildIndependentTargetsInParallel = 1;
				LastSwiftUpdateCheck = 1420;
				LastUpgradeCheck = 1420;
				TargetAttributes = {
					E4A964E82A57C12100C3A0BB = {
						CreatedOnToolsVersion = 14.2;
					};
				};
			};
			buildConfigurationList = E4A964E42A57C12100C3A0BB /* Build configuration list for PBXProject "LoginPageUmai_SwiftUI_MVVM" */;
			compatibilityVersion = "Xcode 14.0";
			developmentRegion = en;
			hasScannedForEncodings = 0;
			knownRegions = (
				en,
				Base,
			);
			mainGroup = E4A964E02A57C12100C3A0BB;
			productRefGroup = E4A964EA2A57C12100C3A0BB /* Products */;
			projectDirPath = "";
			projectRoot = "";
			targets = (
				E4A964E82A57C12100C3A0BB /* LoginPageUmai_SwiftUI_MVVM */,
			);
		};
/* End PBXProject section */

/* Begin PBXResourcesBuildPhase section */
		E4A964E72A57C12100C3A0BB /* Resources */ = {
			isa = PBXResourcesBuildPhase;
			buildActionMask = 2147483647;
			files = (
				E4A964F52A57C12300C3A0BB /* Preview Assets.xcassets in Resources */,
				E4A964F12A57C12300C3A0BB /* Assets.xcassets in Resources */,
			);
			runOnlyForDeploymentPostprocessing = 0;
		};
/* End PBXResourcesBuildPhase section */

/* Begin PBXSourcesBuildPhase section */
		E4A964E52A57C12100C3A0BB /* Sources */ = {
			isa = PBXSourcesBuildPhase;
			buildActionMask = 2147483647;
			files = (
				E4A964EF2A57C12100C3A0BB /* MainView.swift in Sources */,
				E44921FD2A5D04C100248AC4 /* LoggedInView.swift in Sources */,
				E44922032A5D4B3500248AC4 /* LoginPageView.swift in Sources */,
				E4E5B2B72A5BE6A60006810C /* loginViewModel.swift in Sources */,
				E4E5B2B92A5BEA0B0006810C /* userModel.swift in Sources */,
				E4A964ED2A57C12100C3A0BB /* LoginPageUmai_SwiftUI_MVVMApp.swift in Sources */,
				E44922052A5D50CB00248AC4 /* MainViewViewModel.swift in Sources */,
				E4A964FC2A5805D600C3A0BB /* ContenViewFigma.swift in Sources */,
			);
			runOnlyForDeploymentPostprocessing = 0;
		};
/* End PBXSourcesBuildPhase section */

/* Begin XCBuildConfiguration section */
		E4A964F62A57C12300C3A0BB /* Debug */ = {
			isa = XCBuildConfiguration;
			buildSettings = {
				ALWAYS_SEARCH_USER_PATHS = NO;
				CLANG_ANALYZER_NONNULL = YES;
				CLANG_ANALYZER_NUMBER_OBJECT_CONVERSION = YES_AGGRESSIVE;
				CLANG_CXX_LANGUAGE_STANDARD = "gnu++20";
				CLANG_ENABLE_MODULES = YES;
				CLANG_ENABLE_OBJC_ARC = YES;
				CLANG_ENABLE_OBJC_WEAK = YES;
				CLANG_WARN_BLOCK_CAPTURE_AUTORELEASING = YES;
				CLANG_WARN_BOOL_CONVERSION = YES;
				CLANG_WARN_COMMA = YES;
				CLANG_WARN_CONSTANT_CONVERSION = YES;
				CLANG_WARN_DEPRECATED_OBJC_IMPLEMENTATIONS = YES;
				CLANG_WARN_DIRECT_OBJC_ISA_USAGE = YES_ERROR;
				CLANG_WARN_DOCUMENTATION_COMMENTS = YES;
				CLANG_WARN_EMPTY_BODY = YES;
				CLANG_WARN_ENUM_CONVERSION = YES;
				CLANG_WARN_INFINITE_RECURSION = YES;
				CLANG_WARN_INT_CONVERSION = YES;
				CLANG_WARN_NON_LITERAL_NULL_CONVERSION = YES;
				CLANG_WARN_OBJC_IMPLICIT_RETAIN_SELF = YES;
				CLANG_WARN_OBJC_LITERAL_CONVERSION = YES;
				CLANG_WARN_OBJC_ROOT_CLASS = YES_ERROR;
				CLANG_WARN_QUOTED_INCLUDE_IN_FRAMEWORK_HEADER = YES;
				CLANG_WARN_RANGE_LOOP_ANALYSIS = YES;
				CLANG_WARN_STRICT_PROTOTYPES = YES;
				CLANG_WARN_SUSPICIOUS_MOVE = YES;
				CLANG_WARN_UNGUARDED_AVAILABILITY = YES_AGGRESSIVE;
				CLANG_WARN_UNREACHABLE_CODE = YES;
				CLANG_WARN__DUPLICATE_METHOD_MATCH = YES;
				COPY_PHASE_STRIP = NO;
				DEBUG_INFORMATION_FORMAT = dwarf;
				ENABLE_STRICT_OBJC_MSGSEND = YES;
				ENABLE_TESTABILITY = YES;
				GCC_C_LANGUAGE_STANDARD = gnu11;
				GCC_DYNAMIC_NO_PIC = NO;
				GCC_NO_COMMON_BLOCKS = YES;
				GCC_OPTIMIZATION_LEVEL = 0;
				GCC_PREPROCESSOR_DEFINITIONS = (
					"DEBUG=1",
					"$(inherited)",
				);
				GCC_WARN_64_TO_32_BIT_CONVERSION = YES;
				GCC_WARN_ABOUT_RETURN_TYPE = YES_ERROR;
				GCC_WARN_UNDECLARED_SELECTOR = YES;
				GCC_WARN_UNINITIALIZED_AUTOS = YES_AGGRESSIVE;
				GCC_WARN_UNUSED_FUNCTION = YES;
				GCC_WARN_UNUSED_VARIABLE = YES;
				MTL_ENABLE_DEBUG_INFO = INCLUDE_SOURCE;
				MTL_FAST_MATH = YES;
				ONLY_ACTIVE_ARCH = YES;
				SWIFT_ACTIVE_COMPILATION_CONDITIONS = DEBUG;
				SWIFT_OPTIMIZATION_LEVEL = "-Onone";
			};
			name = Debug;
		};
		E4A964F72A57C12300C3A0BB /* Release */ = {
			isa = XCBuildConfiguration;
			buildSettings = {
				ALWAYS_SEARCH_USER_PATHS = NO;
				CLANG_ANALYZER_NONNULL = YES;
				CLANG_ANALYZER_NUMBER_OBJECT_CONVERSION = YES_AGGRESSIVE;
				CLANG_CXX_LANGUAGE_STANDARD = "gnu++20";
				CLANG_ENABLE_MODULES = YES;
				CLANG_ENABLE_OBJC_ARC = YES;
				CLANG_ENABLE_OBJC_WEAK = YES;
				CLANG_WARN_BLOCK_CAPTURE_AUTORELEASING = YES;
				CLANG_WARN_BOOL_CONVERSION = YES;
				CLANG_WARN_COMMA = YES;
				CLANG_WARN_CONSTANT_CONVERSION = YES;
				CLANG_WARN_DEPRECATED_OBJC_IMPLEMENTATIONS = YES;
				CLANG_WARN_DIRECT_OBJC_ISA_USAGE = YES_ERROR;
				CLANG_WARN_DOCUMENTATION_COMMENTS = YES;
				CLANG_WARN_EMPTY_BODY = YES;
				CLANG_WARN_ENUM_CONVERSION = YES;
				CLANG_WARN_INFINITE_RECURSION = YES;
				CLANG_WARN_INT_CONVERSION = YES;
				CLANG_WARN_NON_LITERAL_NULL_CONVERSION = YES;
				CLANG_WARN_OBJC_IMPLICIT_RETAIN_SELF = YES;
				CLANG_WARN_OBJC_LITERAL_CONVERSION = YES;
				CLANG_WARN_OBJC_ROOT_CLASS = YES_ERROR;
				CLANG_WARN_QUOTED_INCLUDE_IN_FRAMEWORK_HEADER = YES;
				CLANG_WARN_RANGE_LOOP_ANALYSIS = YES;
				CLANG_WARN_STRICT_PROTOTYPES = YES;
				CLANG_WARN_SUSPICIOUS_MOVE = YES;
				CLANG_WARN_UNGUARDED_AVAILABILITY = YES_AGGRESSIVE;
				CLANG_WARN_UNREACHABLE_CODE = YES;
				CLANG_WARN__DUPLICATE_METHOD_MATCH = YES;
				COPY_PHASE_STRIP = NO;
				DEBUG_INFORMATION_FORMAT = "dwarf-with-dsym";
				ENABLE_NS_ASSERTIONS = NO;
				ENABLE_STRICT_OBJC_MSGSEND = YES;
				GCC_C_LANGUAGE_STANDARD = gnu11;
				GCC_NO_COMMON_BLOCKS = YES;
				GCC_WARN_64_TO_32_BIT_CONVERSION = YES;
				GCC_WARN_ABOUT_RETURN_TYPE = YES_ERROR;
				GCC_WARN_UNDECLARED_SELECTOR = YES;
				GCC_WARN_UNINITIALIZED_AUTOS = YES_AGGRESSIVE;
				GCC_WARN_UNUSED_FUNCTION = YES;
				GCC_WARN_UNUSED_VARIABLE = YES;
				MTL_ENABLE_DEBUG_INFO = NO;
				MTL_FAST_MATH = YES;
				SWIFT_COMPILATION_MODE = wholemodule;
				SWIFT_OPTIMIZATION_LEVEL = "-O";
			};
			name = Release;
		};
		E4A964F92A57C12300C3A0BB /* Debug */ = {
			isa = XCBuildConfiguration;
			buildSettings = {
				ASSETCATALOG_COMPILER_APPICON_NAME = AppIcon;
				ASSETCATALOG_COMPILER_GLOBAL_ACCENT_COLOR_NAME = AccentColor;
				CODE_SIGN_ENTITLEMENTS = LoginPageUmai_SwiftUI_MVVM/LoginPageUmai_SwiftUI_MVVM.entitlements;
				CODE_SIGN_STYLE = Automatic;
				CURRENT_PROJECT_VERSION = 1;
				DEVELOPMENT_ASSET_PATHS = "\"LoginPageUmai_SwiftUI_MVVM/Preview Content\"";
				ENABLE_PREVIEWS = YES;
				GENERATE_INFOPLIST_FILE = YES;
				"INFOPLIST_KEY_UIApplicationSceneManifest_Generation[sdk=iphoneos*]" = YES;
				"INFOPLIST_KEY_UIApplicationSceneManifest_Generation[sdk=iphonesimulator*]" = YES;
				"INFOPLIST_KEY_UIApplicationSupportsIndirectInputEvents[sdk=iphoneos*]" = YES;
				"INFOPLIST_KEY_UIApplicationSupportsIndirectInputEvents[sdk=iphonesimulator*]" = YES;
				"INFOPLIST_KEY_UILaunchScreen_Generation[sdk=iphoneos*]" = YES;
				"INFOPLIST_KEY_UILaunchScreen_Generation[sdk=iphonesimulator*]" = YES;
				"INFOPLIST_KEY_UIStatusBarStyle[sdk=iphoneos*]" = UIStatusBarStyleDefault;
				"INFOPLIST_KEY_UIStatusBarStyle[sdk=iphonesimulator*]" = UIStatusBarStyleDefault;
				INFOPLIST_KEY_UISupportedInterfaceOrientations_iPad = "UIInterfaceOrientationPortrait UIInterfaceOrientationPortraitUpsideDown UIInterfaceOrientationLandscapeLeft UIInterfaceOrientationLandscapeRight";
				INFOPLIST_KEY_UISupportedInterfaceOrientations_iPhone = "UIInterfaceOrientationPortrait UIInterfaceOrientationLandscapeLeft UIInterfaceOrientationLandscapeRight";
				IPHONEOS_DEPLOYMENT_TARGET = 16.2;
				LD_RUNPATH_SEARCH_PATHS = "@executable_path/Frameworks";
				"LD_RUNPATH_SEARCH_PATHS[sdk=macosx*]" = "@executable_path/../Frameworks";
				MACOSX_DEPLOYMENT_TARGET = 13.1;
				MARKETING_VERSION = 1.0;
				PRODUCT_BUNDLE_IDENTIFIER = "com.usman-development.LoginPageUmai-SwiftUI-MVVM";
				PRODUCT_NAME = "$(TARGET_NAME)";
				SDKROOT = auto;
				SUPPORTED_PLATFORMS = "iphoneos iphonesimulator macosx";
				SWIFT_EMIT_LOC_STRINGS = YES;
				SWIFT_VERSION = 5.0;
				TARGETED_DEVICE_FAMILY = "1,2";
			};
			name = Debug;
		};
		E4A964FA2A57C12300C3A0BB /* Release */ = {
			isa = XCBuildConfiguration;
			buildSettings = {
				ASSETCATALOG_COMPILER_APPICON_NAME = AppIcon;
				ASSETCATALOG_COMPILER_GLOBAL_ACCENT_COLOR_NAME = AccentColor;
				CODE_SIGN_ENTITLEMENTS = LoginPageUmai_SwiftUI_MVVM/LoginPageUmai_SwiftUI_MVVM.entitlements;
				CODE_SIGN_STYLE = Automatic;
				CURRENT_PROJECT_VERSION = 1;
				DEVELOPMENT_ASSET_PATHS = "\"LoginPageUmai_SwiftUI_MVVM/Preview Content\"";
				ENABLE_PREVIEWS = YES;
				GENERATE_INFOPLIST_FILE = YES;
				"INFOPLIST_KEY_UIApplicationSceneManifest_Generation[sdk=iphoneos*]" = YES;
				"INFOPLIST_KEY_UIApplicationSceneManifest_Generation[sdk=iphonesimulator*]" = YES;
				"INFOPLIST_KEY_UIApplicationSupportsIndirectInputEvents[sdk=iphoneos*]" = YES;
				"INFOPLIST_KEY_UIApplicationSupportsIndirectInputEvents[sdk=iphonesimulator*]" = YES;
				"INFOPLIST_KEY_UILaunchScreen_Generation[sdk=iphoneos*]" = YES;
				"INFOPLIST_KEY_UILaunchScreen_Generation[sdk=iphonesimulator*]" = YES;
				"INFOPLIST_KEY_UIStatusBarStyle[sdk=iphoneos*]" = UIStatusBarStyleDefault;
				"INFOPLIST_KEY_UIStatusBarStyle[sdk=iphonesimulator*]" = UIStatusBarStyleDefault;
				INFOPLIST_KEY_UISupportedInterfaceOrientations_iPad = "UIInterfaceOrientationPortrait UIInterfaceOrientationPortraitUpsideDown UIInterfaceOrientationLandscapeLeft UIInterfaceOrientationLandscapeRight";
				INFOPLIST_KEY_UISupportedInterfaceOrientations_iPhone = "UIInterfaceOrientationPortrait UIInterfaceOrientationLandscapeLeft UIInterfaceOrientationLandscapeRight";
				IPHONEOS_DEPLOYMENT_TARGET = 16.2;
				LD_RUNPATH_SEARCH_PATHS = "@executable_path/Frameworks";
				"LD_RUNPATH_SEARCH_PATHS[sdk=macosx*]" = "@executable_path/../Frameworks";
				MACOSX_DEPLOYMENT_TARGET = 13.1;
				MARKETING_VERSION = 1.0;
				PRODUCT_BUNDLE_IDENTIFIER = "com.usman-development.LoginPageUmai-SwiftUI-MVVM";
				PRODUCT_NAME = "$(TARGET_NAME)";
				SDKROOT = auto;
				SUPPORTED_PLATFORMS = "iphoneos iphonesimulator macosx";
				SWIFT_EMIT_LOC_STRINGS = YES;
				SWIFT_VERSION = 5.0;
				TARGETED_DEVICE_FAMILY = "1,2";
			};
			name = Release;
		};
/* End XCBuildConfiguration section */

/* Begin XCConfigurationList section */
		E4A964E42A57C12100C3A0BB /* Build configuration list for PBXProject "LoginPageUmai_SwiftUI_MVVM" */ = {
			isa = XCConfigurationList;
			buildConfigurations = (
				E4A964F62A57C12300C3A0BB /* Debug */,
				E4A964F72A57C12300C3A0BB /* Release */,
			);
			defaultConfigurationIsVisible = 0;
			defaultConfigurationName = Release;
		};
		E4A964F82A57C12300C3A0BB /* Build configuration list for PBXNativeTarget "LoginPageUmai_SwiftUI_MVVM" */ = {
			isa = XCConfigurationList;
			buildConfigurations = (
				E4A964F92A57C12300C3A0BB /* Debug */,
				E4A964FA2A57C12300C3A0BB /* Release */,
			);
			defaultConfigurationIsVisible = 0;
			defaultConfigurationName = Release;
		};
/* End XCConfigurationList section */
	};
	rootObject = E4A964E12A57C12100C3A0BB /* Project object */;
}
